
Microsoft Visual Studio Solution File, Format Version 12.00
# Visual Studio 15
VisualStudioVersion = 15.0.27130.2036
MinimumVisualStudioVersion = 10.0.40219.1
Project("{FAE04EC0-301F-11D3-BF4B-00C04F79EFBC}") = "CSharpShallowDeepCopy", "CSharpShallowDeepCopy\CSharpShallowDeepCopy.csproj", "{419B7A13-8E25-4EBF-8C8F-75427FE88128}"
EndProject
Global
	GlobalSection(SolutionConfigurationPlatforms) = preSolution
		Debug|Any CPU = Debug|Any CPU
		Release|Any CPU = Release|Any CPU
	EndGlobalSection
	GlobalSection(ProjectConfigurationPlatforms) = postSolution
		{419B7A13-8E25-4EBF-8C8F-75427FE88128}.Debug|Any CPU.ActiveCfg = Debug|Any CPU
		{419B7A13-8E25-4EBF-8C8F-75427FE88128}.Debug|Any CPU.Build.0 = Debug|Any CPU
		{419B7A13-8E25-4EBF-8C8F-75427FE88128}.Release|Any CPU.ActiveCfg = Release|Any CPU
		{419B7A13-8E25-4EBF-8C8F-75427FE88128}.Release|Any CPU.Build.0 = Release|Any CPU
	EndGlobalSection
	GlobalSection(SolutionProperties) = preSolution
		HideSolutionNode = FALSE
	EndGlobalSection
	GlobalSection(ExtensibilityGlobals) = postSolution
		SolutionGuid = {72A37BEC-EF77-4495-9C34-00143996037B}
	EndGlobalSection
EndGlobal
